
Microsoft Visual Studio Solution File, Format Version 12.00
# Visual Studio Version 16
VisualStudioVersion = 16.0.30114.105
MinimumVisualStudioVersion = 10.0.40219.1
Project("{2150E333-8FDC-42A3-9474-1A3956D46DE8}") = "src", "src", "{EFC00575-A292-4425-89A0-71E6CCD95BFF}"
EndProject
Project("{FAE04EC0-301F-11D3-BF4B-00C04F79EFBC}") = "PromotionEngine.Domain", "src\PromotionEngine.Domain\PromotionEngine.Domain.csproj", "{FB43BDC8-7FDF-44D3-8F72-EDB8E61CFDA5}"
EndProject
Project("{2150E333-8FDC-42A3-9474-1A3956D46DE8}") = "tests", "tests", "{A963F373-F152-4E82-9BA3-DEA5E30DF9AA}"
EndProject
Project("{FAE04EC0-301F-11D3-BF4B-00C04F79EFBC}") = "PromotionEngine.Repository.UnitTests", "tests\PromotionEngine.Repository.UnitTests\PromotionEngine.Repository.UnitTests.csproj", "{E5AFD48B-173A-4BE3-B498-103C7A02F115}"
EndProject
Project("{FAE04EC0-301F-11D3-BF4B-00C04F79EFBC}") = "PromotionEngine.Repository", "src\PromotionEngine.Repository\PromotionEngine.Repository.csproj", "{1E4D1E00-4CB1-4C52-9A32-934D213C4238}"
EndProject
Global
	GlobalSection(SolutionConfigurationPlatforms) = preSolution
		Debug|Any CPU = Debug|Any CPU
		Debug|x64 = Debug|x64
		Debug|x86 = Debug|x86
		Release|Any CPU = Release|Any CPU
		Release|x64 = Release|x64
		Release|x86 = Release|x86
	EndGlobalSection
	GlobalSection(SolutionProperties) = preSolution
		HideSolutionNode = FALSE
	EndGlobalSection
	GlobalSection(ProjectConfigurationPlatforms) = postSolution
		{FB43BDC8-7FDF-44D3-8F72-EDB8E61CFDA5}.Debug|Any CPU.ActiveCfg = Debug|Any CPU
		{FB43BDC8-7FDF-44D3-8F72-EDB8E61CFDA5}.Debug|Any CPU.Build.0 = Debug|Any CPU
		{FB43BDC8-7FDF-44D3-8F72-EDB8E61CFDA5}.Debug|x64.ActiveCfg = Debug|Any CPU
		{FB43BDC8-7FDF-44D3-8F72-EDB8E61CFDA5}.Debug|x64.Build.0 = Debug|Any CPU
		{FB43BDC8-7FDF-44D3-8F72-EDB8E61CFDA5}.Debug|x86.ActiveCfg = Debug|Any CPU
		{FB43BDC8-7FDF-44D3-8F72-EDB8E61CFDA5}.Debug|x86.Build.0 = Debug|Any CPU
		{FB43BDC8-7FDF-44D3-8F72-EDB8E61CFDA5}.Release|Any CPU.ActiveCfg = Release|Any CPU
		{FB43BDC8-7FDF-44D3-8F72-EDB8E61CFDA5}.Release|Any CPU.Build.0 = Release|Any CPU
		{FB43BDC8-7FDF-44D3-8F72-EDB8E61CFDA5}.Release|x64.ActiveCfg = Release|Any CPU
		{FB43BDC8-7FDF-44D3-8F72-EDB8E61CFDA5}.Release|x64.Build.0 = Release|Any CPU
		{FB43BDC8-7FDF-44D3-8F72-EDB8E61CFDA5}.Release|x86.ActiveCfg = Release|Any CPU
		{FB43BDC8-7FDF-44D3-8F72-EDB8E61CFDA5}.Release|x86.Build.0 = Release|Any CPU
		{E5AFD48B-173A-4BE3-B498-103C7A02F115}.Debug|Any CPU.ActiveCfg = Debug|Any CPU
		{E5AFD48B-173A-4BE3-B498-103C7A02F115}.Debug|Any CPU.Build.0 = Debug|Any CPU
		{E5AFD48B-173A-4BE3-B498-103C7A02F115}.Debug|x64.ActiveCfg = Debug|Any CPU
		{E5AFD48B-173A-4BE3-B498-103C7A02F115}.Debug|x64.Build.0 = Debug|Any CPU
		{E5AFD48B-173A-4BE3-B498-103C7A02F115}.Debug|x86.ActiveCfg = Debug|Any CPU
		{E5AFD48B-173A-4BE3-B498-103C7A02F115}.Debug|x86.Build.0 = Debug|Any CPU
		{E5AFD48B-173A-4BE3-B498-103C7A02F115}.Release|Any CPU.ActiveCfg = Release|Any CPU
		{E5AFD48B-173A-4BE3-B498-103C7A02F115}.Release|Any CPU.Build.0 = Release|Any CPU
		{E5AFD48B-173A-4BE3-B498-103C7A02F115}.Release|x64.ActiveCfg = Release|Any CPU
		{E5AFD48B-173A-4BE3-B498-103C7A02F115}.Release|x64.Build.0 = Release|Any CPU
		{E5AFD48B-173A-4BE3-B498-103C7A02F115}.Release|x86.ActiveCfg = Release|Any CPU
		{E5AFD48B-173A-4BE3-B498-103C7A02F115}.Release|x86.Build.0 = Release|Any CPU
		{1E4D1E00-4CB1-4C52-9A32-934D213C4238}.Debug|Any CPU.ActiveCfg = Debug|Any CPU
		{1E4D1E00-4CB1-4C52-9A32-934D213C4238}.Debug|Any CPU.Build.0 = Debug|Any CPU
		{1E4D1E00-4CB1-4C52-9A32-934D213C4238}.Debug|x64.ActiveCfg = Debug|Any CPU
		{1E4D1E00-4CB1-4C52-9A32-934D213C4238}.Debug|x64.Build.0 = Debug|Any CPU
		{1E4D1E00-4CB1-4C52-9A32-934D213C4238}.Debug|x86.ActiveCfg = Debug|Any CPU
		{1E4D1E00-4CB1-4C52-9A32-934D213C4238}.Debug|x86.Build.0 = Debug|Any CPU
		{1E4D1E00-4CB1-4C52-9A32-934D213C4238}.Release|Any CPU.ActiveCfg = Release|Any CPU
		{1E4D1E00-4CB1-4C52-9A32-934D213C4238}.Release|Any CPU.Build.0 = Release|Any CPU
		{1E4D1E00-4CB1-4C52-9A32-934D213C4238}.Release|x64.ActiveCfg = Release|Any CPU
		{1E4D1E00-4CB1-4C52-9A32-934D213C4238}.Release|x64.Build.0 = Release|Any CPU
		{1E4D1E00-4CB1-4C52-9A32-934D213C4238}.Release|x86.ActiveCfg = Release|Any CPU
		{1E4D1E00-4CB1-4C52-9A32-934D213C4238}.Release|x86.Build.0 = Release|Any CPU
	EndGlobalSection
	GlobalSection(NestedProjects) = preSolution
		{FB43BDC8-7FDF-44D3-8F72-EDB8E61CFDA5} = {EFC00575-A292-4425-89A0-71E6CCD95BFF}
		{E5AFD48B-173A-4BE3-B498-103C7A02F115} = {A963F373-F152-4E82-9BA3-DEA5E30DF9AA}
		{1E4D1E00-4CB1-4C52-9A32-934D213C4238} = {EFC00575-A292-4425-89A0-71E6CCD95BFF}
	EndGlobalSection
EndGlobal
